
Microsoft Visual Studio Solution File, Format Version 12.00
# Visual Studio 15
VisualStudioVersion = 15.0.27703.2047
MinimumVisualStudioVersion = 10.0.40219.1
Project("{9A19103F-16F7-4668-BE54-9A1E7A4F7556}") = "LogR", "LogR\LogR.csproj", "{17C44123-B194-41E3-AD07-E0E48817F5A7}"
EndProject
Project("{9A19103F-16F7-4668-BE54-9A1E7A4F7556}") = "Scratch", "Scratch\Scratch.csproj", "{96B037F9-124C-4C09-B31F-738A8382EAD0}"
EndProject
Project("{2150E333-8FDC-42A3-9474-1A3956D46DE8}") = "Solution Items", "Solution Items", "{B971E792-1373-4800-96D3-FA3B918DCE2C}"
	ProjectSection(SolutionItems) = preProject
		LogR.ruleset = LogR.ruleset
	EndProjectSection
EndProject
Project("{FAE04EC0-301F-11D3-BF4B-00C04F79EFBC}") = "LogR.Tests", "tests\LogR.Tests\LogR.Tests.csproj", "{92074968-5C5E-4FEB-A7AA-2B8892901FA2}"
EndProject
Project("{2150E333-8FDC-42A3-9474-1A3956D46DE8}") = "Tests", "Tests", "{0FE3604A-E146-486C-808D-6D89AB364B44}"
EndProject
Global
	GlobalSection(SolutionConfigurationPlatforms) = preSolution
		Debug|Any CPU = Debug|Any CPU
		Release|Any CPU = Release|Any CPU
	EndGlobalSection
	GlobalSection(ProjectConfigurationPlatforms) = postSolution
		{17C44123-B194-41E3-AD07-E0E48817F5A7}.Debug|Any CPU.ActiveCfg = Debug|Any CPU
		{17C44123-B194-41E3-AD07-E0E48817F5A7}.Debug|Any CPU.Build.0 = Debug|Any CPU
		{17C44123-B194-41E3-AD07-E0E48817F5A7}.Release|Any CPU.ActiveCfg = Release|Any CPU
		{17C44123-B194-41E3-AD07-E0E48817F5A7}.Release|Any CPU.Build.0 = Release|Any CPU
		{96B037F9-124C-4C09-B31F-738A8382EAD0}.Debug|Any CPU.ActiveCfg = Debug|Any CPU
		{96B037F9-124C-4C09-B31F-738A8382EAD0}.Debug|Any CPU.Build.0 = Debug|Any CPU
		{96B037F9-124C-4C09-B31F-738A8382EAD0}.Release|Any CPU.ActiveCfg = Release|Any CPU
		{96B037F9-124C-4C09-B31F-738A8382EAD0}.Release|Any CPU.Build.0 = Release|Any CPU
		{92074968-5C5E-4FEB-A7AA-2B8892901FA2}.Debug|Any CPU.ActiveCfg = Debug|Any CPU
		{92074968-5C5E-4FEB-A7AA-2B8892901FA2}.Debug|Any CPU.Build.0 = Debug|Any CPU
		{92074968-5C5E-4FEB-A7AA-2B8892901FA2}.Release|Any CPU.ActiveCfg = Release|Any CPU
		{92074968-5C5E-4FEB-A7AA-2B8892901FA2}.Release|Any CPU.Build.0 = Release|Any CPU
	EndGlobalSection
	GlobalSection(SolutionProperties) = preSolution
		HideSolutionNode = FALSE
	EndGlobalSection
	GlobalSection(NestedProjects) = preSolution
		{92074968-5C5E-4FEB-A7AA-2B8892901FA2} = {0FE3604A-E146-486C-808D-6D89AB364B44}
	EndGlobalSection
	GlobalSection(ExtensibilityGlobals) = postSolution
		SolutionGuid = {89497305-7277-4F1B-9CEF-21901702301F}
	EndGlobalSection
EndGlobal
